
Microsoft Visual Studio Solution File, Format Version 12.00
# Visual Studio Version 16
VisualStudioVersion = 16.0.28822.285
MinimumVisualStudioVersion = 10.0.40219.1
Project("{9A19103F-16F7-4668-BE54-9A1E7A4F7556}") = "WebAppMvcVda", "WebAppMvcVda\WebAppMvcVda.csproj", "{067F2455-9D5C-48EC-B186-D736A214F0A8}"
EndProject
Global
	GlobalSection(SolutionConfigurationPlatforms) = preSolution
		Debug|Any CPU = Debug|Any CPU
		Release|Any CPU = Release|Any CPU
	EndGlobalSection
	GlobalSection(ProjectConfigurationPlatforms) = postSolution
		{067F2455-9D5C-48EC-B186-D736A214F0A8}.Debug|Any CPU.ActiveCfg = Debug|Any CPU
		{067F2455-9D5C-48EC-B186-D736A214F0A8}.Debug|Any CPU.Build.0 = Debug|Any CPU
		{067F2455-9D5C-48EC-B186-D736A214F0A8}.Release|Any CPU.ActiveCfg = Release|Any CPU
		{067F2455-9D5C-48EC-B186-D736A214F0A8}.Release|Any CPU.Build.0 = Release|Any CPU
	EndGlobalSection
	GlobalSection(SolutionProperties) = preSolution
		HideSolutionNode = FALSE
	EndGlobalSection
	GlobalSection(ExtensibilityGlobals) = postSolution
		SolutionGuid = {7F1B36F7-8FD2-4BED-AFB4-2804C22BDC29}
	EndGlobalSection
	GlobalSection(TeamFoundationVersionControl) = preSolution
		SccNumberOfProjects = 2
		SccEnterpriseProvider = {4CA58AB2-18FA-4F8D-95D4-32DDF27D184C}
		SccTeamFoundationServer = https://jersonb.visualstudio.com/
		SccLocalPath0 = .
		SccProjectUniqueName1 = WebAppMvcVda\\WebAppMvcVda.csproj
		SccProjectName1 = WebAppMvcVda
		SccLocalPath1 = WebAppMvcVda
	EndGlobalSection
EndGlobal
